
Microsoft Visual Studio Solution File, Format Version 12.00
# Visual Studio Version 17
VisualStudioVersion = 17.0.31903.59
MinimumVisualStudioVersion = 10.0.40219.1
Project("{FAE04EC0-301F-11D3-BF4B-00C04F79EFBC}") = "HF_DelegatesYeet", "HF_DelegatesYeet\HF_DelegatesYeet.csproj", "{6A47CBE1-F93E-4E9B-A709-1AD0874C2601}"
EndProject
Global
	GlobalSection(SolutionConfigurationPlatforms) = preSolution
		Debug|Any CPU = Debug|Any CPU
		Release|Any CPU = Release|Any CPU
	EndGlobalSection
	GlobalSection(ProjectConfigurationPlatforms) = postSolution
		{6A47CBE1-F93E-4E9B-A709-1AD0874C2601}.Debug|Any CPU.ActiveCfg = Debug|Any CPU
		{6A47CBE1-F93E-4E9B-A709-1AD0874C2601}.Debug|Any CPU.Build.0 = Debug|Any CPU
		{6A47CBE1-F93E-4E9B-A709-1AD0874C2601}.Release|Any CPU.ActiveCfg = Release|Any CPU
		{6A47CBE1-F93E-4E9B-A709-1AD0874C2601}.Release|Any CPU.Build.0 = Release|Any CPU
	EndGlobalSection
	GlobalSection(SolutionProperties) = preSolution
		HideSolutionNode = FALSE
	EndGlobalSection
	GlobalSection(ExtensibilityGlobals) = postSolution
		SolutionGuid = {9553236A-6780-400E-B36D-629EEF3189DD}
	EndGlobalSection
EndGlobal
